
Microsoft Visual Studio Solution File, Format Version 12.00
# Visual Studio 15
VisualStudioVersion = 15.0.28307.1340
MinimumVisualStudioVersion = 10.0.40219.1
Project("{FAE04EC0-301F-11D3-BF4B-00C04F79EFBC}") = "test1WF", "test1WF\test1WF.csproj", "{06AF4961-FF64-48D9-80A4-8426B44F3906}"
EndProject
Global
	GlobalSection(SolutionConfigurationPlatforms) = preSolution
		Debug|Any CPU = Debug|Any CPU
		Release|Any CPU = Release|Any CPU
	EndGlobalSection
	GlobalSection(ProjectConfigurationPlatforms) = postSolution
		{06AF4961-FF64-48D9-80A4-8426B44F3906}.Debug|Any CPU.ActiveCfg = Debug|Any CPU
		{06AF4961-FF64-48D9-80A4-8426B44F3906}.Debug|Any CPU.Build.0 = Debug|Any CPU
		{06AF4961-FF64-48D9-80A4-8426B44F3906}.Release|Any CPU.ActiveCfg = Release|Any CPU
		{06AF4961-FF64-48D9-80A4-8426B44F3906}.Release|Any CPU.Build.0 = Release|Any CPU
	EndGlobalSection
	GlobalSection(SolutionProperties) = preSolution
		HideSolutionNode = FALSE
	EndGlobalSection
	GlobalSection(ExtensibilityGlobals) = postSolution
		SolutionGuid = {EC8BC837-0B39-4C5F-A4A7-6D4ECE6A6DA6}
	EndGlobalSection
EndGlobal
